
Microsoft Visual Studio Solution File, Format Version 12.00
# Visual Studio Version 17
VisualStudioVersion = 17.11.35327.3
MinimumVisualStudioVersion = 10.0.40219.1
Project("{2150E333-8FDC-42A3-9474-1A3956D46DE8}") = "Api", "Api", "{02EA681E-C7D8-13C7-8484-4AC65E1B71E8}"
EndProject
Project("{2150E333-8FDC-42A3-9474-1A3956D46DE8}") = "Services", "Services", "{5FB98A05-4F45-43D6-94A3-902AD88EB21C}"
EndProject
Project("{2150E333-8FDC-42A3-9474-1A3956D46DE8}") = "Shared", "Shared", "{A67B0C24-829E-4CC2-B769-C4F375B190DB}"
EndProject
Project("{2150E333-8FDC-42A3-9474-1A3956D46DE8}") = "Test", "Test", "{6E906600-F438-45D0-9C6F-515D1BA7B4CC}"
EndProject
Project("{2150E333-8FDC-42A3-9474-1A3956D46DE8}") = "Private", "Private", "{63FEB90A-1DCF-4CFA-B6DE-C158C0FAD715}"
EndProject
Project("{2150E333-8FDC-42A3-9474-1A3956D46DE8}") = "Public", "Public", "{C740BC6F-8577-4DE4-A944-BC4103AFA6B1}"
EndProject
Project("{2150E333-8FDC-42A3-9474-1A3956D46DE8}") = "Shared.Communication", "Shared.Communication", "{0744E2DA-2F7C-4DD8-82B4-F2253283F963}"
EndProject
Project("{2150E333-8FDC-42A3-9474-1A3956D46DE8}") = "Shared.Databases", "Shared.Databases", "{E6BAFF17-661B-45A7-99E4-E9EFA388695D}"
EndProject
Project("{2150E333-8FDC-42A3-9474-1A3956D46DE8}") = "Services", "Services", "{DFEEF18F-A7E0-49D6-8AFE-E6986F3C6CC1}"
EndProject
Project("{2150E333-8FDC-42A3-9474-1A3956D46DE8}") = "Shared", "Shared", "{973036FA-05B4-4931-AC9F-EA080BD06E59}"
EndProject
Project("{2150E333-8FDC-42A3-9474-1A3956D46DE8}") = "Email", "Email", "{6BDA4156-F255-4D06-B43B-32A2BC0E70B2}"
EndProject
Project("{FAE04EC0-301F-11D3-BF4B-00C04F79EFBC}") = "Mentoria.API.Private", "src\Api\Private\Mentoria.API.Private\Mentoria.API.Private.csproj", "{00D188C4-58E8-4C4C-AE0E-C86C8E0D42E7}"
EndProject
Project("{FAE04EC0-301F-11D3-BF4B-00C04F79EFBC}") = "Mentoria.API.Public", "src\Api\Public\Mentoria.API.Public\Mentoria.API.Public.csproj", "{9E0B822F-88C0-4BA3-8912-A6F1788AC3FB}"
EndProject
Project("{FAE04EC0-301F-11D3-BF4B-00C04F79EFBC}") = "Mentoria.Shared.Setup", "src\Shared\Mentoria.Shared.Setup\Mentoria.Shared.Setup.csproj", "{16B2AA55-B027-4D78-BA00-33306EB40CD7}"
EndProject
Project("{FAE04EC0-301F-11D3-BF4B-00C04F79EFBC}") = "Mentoria.Services.Emails", "src\Services\Email\Mentoria.Services.Emails\Mentoria.Services.Emails.csproj", "{9D0434C5-0771-4475-8CEE-B6666C8971D8}"
EndProject
Project("{FAE04EC0-301F-11D3-BF4B-00C04F79EFBC}") = "Mentoria.Shared.Serialization", "src\Shared\Mentoria.Shared.Serialization\Mentoria.Shared.Serialization.csproj", "{FFDF2E20-8024-462B-9B67-0B0A5862CBC5}"
EndProject
Project("{FAE04EC0-301F-11D3-BF4B-00C04F79EFBC}") = "Mentoria.Shared.Communication", "src\Shared\Mentoria.Shared.Communication\Mentoria.Shared.Communication\Mentoria.Shared.Communication.csproj", "{0876C055-15B8-4D20-BECA-C8B929F2D2C1}"
EndProject
Project("{FAE04EC0-301F-11D3-BF4B-00C04F79EFBC}") = "Mentoria.Shared.Communication.RabbitMQ", "src\Shared\Mentoria.Shared.Communication\Mentoria.Shared.Communication.RabbitMQ\Mentoria.Shared.Communication.RabbitMQ.csproj", "{0E9507F4-EF1E-4D99-AA47-597C6FD19E50}"
EndProject
Project("{FAE04EC0-301F-11D3-BF4B-00C04F79EFBC}") = "Mentoria.Shared.Secrets", "src\Shared\Mentoria.Shared.Secrets\Mentoria.Shared.Secrets.csproj", "{5279A972-5ADB-4D1B-BF11-BD805276E1B7}"
EndProject
Project("{FAE04EC0-301F-11D3-BF4B-00C04F79EFBC}") = "Mentoria.Shared.Logging", "src\Shared\Mentoria.Shared.Logging\Mentoria.Shared.Logging.csproj", "{1C4003C7-8773-4BC4-9A82-662473B4F492}"
EndProject
Project("{FAE04EC0-301F-11D3-BF4B-00C04F79EFBC}") = "Mentoria.Shared.EventSourcing", "src\Shared\Mentoria.Shared.EventSourcing\Mentoria.Shared.EventSourcing.csproj", "{AABD80D3-1A4D-4250-8A60-748433EDED33}"
EndProject
Project("{FAE04EC0-301F-11D3-BF4B-00C04F79EFBC}") = "Mentoria.Shared.Discovery", "src\Shared\Mentoria.Shared.Discovery\Mentoria.Shared.Discovery.csproj", "{D02DA5E4-BBE2-4E37-9CA0-F6A88272DB6A}"
EndProject
Project("{FAE04EC0-301F-11D3-BF4B-00C04F79EFBC}") = "Mentoria.Shared.Databases.MongoDb", "src\Shared\Mentoria.Shared.Databases\Mentoria.Shared.Databases.MongoDb\Mentoria.Shared.Databases.MongoDb.csproj", "{021C6EB2-EEF7-4458-9193-B18A1D4779A8}"
EndProject
Project("{FAE04EC0-301F-11D3-BF4B-00C04F79EFBC}") = "Mentoria.Shared.Databases.SqlServer", "src\Shared\Mentoria.Shared.Databases\Mentoria.Shared.Databases.SqlServer\Mentoria.Shared.Databases.SqlServer.csproj", "{C3307765-246A-4EC6-B849-DC1A1A4965A1}"
EndProject
Project("{2150E333-8FDC-42A3-9474-1A3956D46DE8}") = "Mentoring", "Mentoring", "{62CD510E-2B4B-4943-9931-5BD977FD5AC7}"
EndProject
Project("{FAE04EC0-301F-11D3-BF4B-00C04F79EFBC}") = "Mentoria.Services.Mentoring.Domain", "src\Services\Mentoring\Mentoria.Services.Mentoring.Domain\Mentoria.Services.Mentoring.Domain.csproj", "{34382CF6-8610-467E-B8EB-E00E1CD33DD3}"
EndProject
Project("{FAE04EC0-301F-11D3-BF4B-00C04F79EFBC}") = "Mentoria.Services.Mentoring.Application", "src\Services\Mentoring\Mentoria.Services.Mentoring.Application\Mentoria.Services.Mentoring.Application.csproj", "{3BC46B19-1090-400F-A503-82B406ABCC66}"
EndProject
Project("{FAE04EC0-301F-11D3-BF4B-00C04F79EFBC}") = "Mentoria.Services.Mentoring.Infraestructure", "src\Services\Mentoring\Mentoria.Services.Mentoring.Infraestructure\Mentoria.Services.Mentoring.Infraestructure.csproj", "{AEAA7F19-D37B-49E0-8004-09572A182246}"
EndProject
Project("{FAE04EC0-301F-11D3-BF4B-00C04F79EFBC}") = "Mentoria.Services.Mentoring.API", "src\Services\Mentoring\Mentoria.Services.Mentoring.API\Mentoria.Services.Mentoring.API.csproj", "{83337EE8-ADF8-48B3-B5E0-1FC30E796A53}"
EndProject
Global
	GlobalSection(SolutionConfigurationPlatforms) = preSolution
		Debug|Any CPU = Debug|Any CPU
		Release|Any CPU = Release|Any CPU
	EndGlobalSection
	GlobalSection(ProjectConfigurationPlatforms) = postSolution
		{00D188C4-58E8-4C4C-AE0E-C86C8E0D42E7}.Debug|Any CPU.ActiveCfg = Debug|Any CPU
		{00D188C4-58E8-4C4C-AE0E-C86C8E0D42E7}.Debug|Any CPU.Build.0 = Debug|Any CPU
		{00D188C4-58E8-4C4C-AE0E-C86C8E0D42E7}.Release|Any CPU.ActiveCfg = Release|Any CPU
		{00D188C4-58E8-4C4C-AE0E-C86C8E0D42E7}.Release|Any CPU.Build.0 = Release|Any CPU
		{9E0B822F-88C0-4BA3-8912-A6F1788AC3FB}.Debug|Any CPU.ActiveCfg = Debug|Any CPU
		{9E0B822F-88C0-4BA3-8912-A6F1788AC3FB}.Debug|Any CPU.Build.0 = Debug|Any CPU
		{9E0B822F-88C0-4BA3-8912-A6F1788AC3FB}.Release|Any CPU.ActiveCfg = Release|Any CPU
		{9E0B822F-88C0-4BA3-8912-A6F1788AC3FB}.Release|Any CPU.Build.0 = Release|Any CPU
		{16B2AA55-B027-4D78-BA00-33306EB40CD7}.Debug|Any CPU.ActiveCfg = Debug|Any CPU
		{16B2AA55-B027-4D78-BA00-33306EB40CD7}.Debug|Any CPU.Build.0 = Debug|Any CPU
		{16B2AA55-B027-4D78-BA00-33306EB40CD7}.Release|Any CPU.ActiveCfg = Release|Any CPU
		{16B2AA55-B027-4D78-BA00-33306EB40CD7}.Release|Any CPU.Build.0 = Release|Any CPU
		{9D0434C5-0771-4475-8CEE-B6666C8971D8}.Debug|Any CPU.ActiveCfg = Debug|Any CPU
		{9D0434C5-0771-4475-8CEE-B6666C8971D8}.Debug|Any CPU.Build.0 = Debug|Any CPU
		{9D0434C5-0771-4475-8CEE-B6666C8971D8}.Release|Any CPU.ActiveCfg = Release|Any CPU
		{9D0434C5-0771-4475-8CEE-B6666C8971D8}.Release|Any CPU.Build.0 = Release|Any CPU
		{FFDF2E20-8024-462B-9B67-0B0A5862CBC5}.Debug|Any CPU.ActiveCfg = Debug|Any CPU
		{FFDF2E20-8024-462B-9B67-0B0A5862CBC5}.Debug|Any CPU.Build.0 = Debug|Any CPU
		{FFDF2E20-8024-462B-9B67-0B0A5862CBC5}.Release|Any CPU.ActiveCfg = Release|Any CPU
		{FFDF2E20-8024-462B-9B67-0B0A5862CBC5}.Release|Any CPU.Build.0 = Release|Any CPU
		{0876C055-15B8-4D20-BECA-C8B929F2D2C1}.Debug|Any CPU.ActiveCfg = Debug|Any CPU
		{0876C055-15B8-4D20-BECA-C8B929F2D2C1}.Debug|Any CPU.Build.0 = Debug|Any CPU
		{0876C055-15B8-4D20-BECA-C8B929F2D2C1}.Release|Any CPU.ActiveCfg = Release|Any CPU
		{0876C055-15B8-4D20-BECA-C8B929F2D2C1}.Release|Any CPU.Build.0 = Release|Any CPU
		{0E9507F4-EF1E-4D99-AA47-597C6FD19E50}.Debug|Any CPU.ActiveCfg = Debug|Any CPU
		{0E9507F4-EF1E-4D99-AA47-597C6FD19E50}.Debug|Any CPU.Build.0 = Debug|Any CPU
		{0E9507F4-EF1E-4D99-AA47-597C6FD19E50}.Release|Any CPU.ActiveCfg = Release|Any CPU
		{0E9507F4-EF1E-4D99-AA47-597C6FD19E50}.Release|Any CPU.Build.0 = Release|Any CPU
		{5279A972-5ADB-4D1B-BF11-BD805276E1B7}.Debug|Any CPU.ActiveCfg = Debug|Any CPU
		{5279A972-5ADB-4D1B-BF11-BD805276E1B7}.Debug|Any CPU.Build.0 = Debug|Any CPU
		{5279A972-5ADB-4D1B-BF11-BD805276E1B7}.Release|Any CPU.ActiveCfg = Release|Any CPU
		{5279A972-5ADB-4D1B-BF11-BD805276E1B7}.Release|Any CPU.Build.0 = Release|Any CPU
		{1C4003C7-8773-4BC4-9A82-662473B4F492}.Debug|Any CPU.ActiveCfg = Debug|Any CPU
		{1C4003C7-8773-4BC4-9A82-662473B4F492}.Debug|Any CPU.Build.0 = Debug|Any CPU
		{1C4003C7-8773-4BC4-9A82-662473B4F492}.Release|Any CPU.ActiveCfg = Release|Any CPU
		{1C4003C7-8773-4BC4-9A82-662473B4F492}.Release|Any CPU.Build.0 = Release|Any CPU
		{AABD80D3-1A4D-4250-8A60-748433EDED33}.Debug|Any CPU.ActiveCfg = Debug|Any CPU
		{AABD80D3-1A4D-4250-8A60-748433EDED33}.Debug|Any CPU.Build.0 = Debug|Any CPU
		{AABD80D3-1A4D-4250-8A60-748433EDED33}.Release|Any CPU.ActiveCfg = Release|Any CPU
		{AABD80D3-1A4D-4250-8A60-748433EDED33}.Release|Any CPU.Build.0 = Release|Any CPU
		{D02DA5E4-BBE2-4E37-9CA0-F6A88272DB6A}.Debug|Any CPU.ActiveCfg = Debug|Any CPU
		{D02DA5E4-BBE2-4E37-9CA0-F6A88272DB6A}.Debug|Any CPU.Build.0 = Debug|Any CPU
		{D02DA5E4-BBE2-4E37-9CA0-F6A88272DB6A}.Release|Any CPU.ActiveCfg = Release|Any CPU
		{D02DA5E4-BBE2-4E37-9CA0-F6A88272DB6A}.Release|Any CPU.Build.0 = Release|Any CPU
		{021C6EB2-EEF7-4458-9193-B18A1D4779A8}.Debug|Any CPU.ActiveCfg = Debug|Any CPU
		{021C6EB2-EEF7-4458-9193-B18A1D4779A8}.Debug|Any CPU.Build.0 = Debug|Any CPU
		{021C6EB2-EEF7-4458-9193-B18A1D4779A8}.Release|Any CPU.ActiveCfg = Release|Any CPU
		{021C6EB2-EEF7-4458-9193-B18A1D4779A8}.Release|Any CPU.Build.0 = Release|Any CPU
		{C3307765-246A-4EC6-B849-DC1A1A4965A1}.Debug|Any CPU.ActiveCfg = Debug|Any CPU
		{C3307765-246A-4EC6-B849-DC1A1A4965A1}.Debug|Any CPU.Build.0 = Debug|Any CPU
		{C3307765-246A-4EC6-B849-DC1A1A4965A1}.Release|Any CPU.ActiveCfg = Release|Any CPU
		{C3307765-246A-4EC6-B849-DC1A1A4965A1}.Release|Any CPU.Build.0 = Release|Any CPU
		{34382CF6-8610-467E-B8EB-E00E1CD33DD3}.Debug|Any CPU.ActiveCfg = Debug|Any CPU
		{34382CF6-8610-467E-B8EB-E00E1CD33DD3}.Debug|Any CPU.Build.0 = Debug|Any CPU
		{34382CF6-8610-467E-B8EB-E00E1CD33DD3}.Release|Any CPU.ActiveCfg = Release|Any CPU
		{34382CF6-8610-467E-B8EB-E00E1CD33DD3}.Release|Any CPU.Build.0 = Release|Any CPU
		{3BC46B19-1090-400F-A503-82B406ABCC66}.Debug|Any CPU.ActiveCfg = Debug|Any CPU
		{3BC46B19-1090-400F-A503-82B406ABCC66}.Debug|Any CPU.Build.0 = Debug|Any CPU
		{3BC46B19-1090-400F-A503-82B406ABCC66}.Release|Any CPU.ActiveCfg = Release|Any CPU
		{3BC46B19-1090-400F-A503-82B406ABCC66}.Release|Any CPU.Build.0 = Release|Any CPU
		{AEAA7F19-D37B-49E0-8004-09572A182246}.Debug|Any CPU.ActiveCfg = Debug|Any CPU
		{AEAA7F19-D37B-49E0-8004-09572A182246}.Debug|Any CPU.Build.0 = Debug|Any CPU
		{AEAA7F19-D37B-49E0-8004-09572A182246}.Release|Any CPU.ActiveCfg = Release|Any CPU
		{AEAA7F19-D37B-49E0-8004-09572A182246}.Release|Any CPU.Build.0 = Release|Any CPU
		{83337EE8-ADF8-48B3-B5E0-1FC30E796A53}.Debug|Any CPU.ActiveCfg = Debug|Any CPU
		{83337EE8-ADF8-48B3-B5E0-1FC30E796A53}.Debug|Any CPU.Build.0 = Debug|Any CPU
		{83337EE8-ADF8-48B3-B5E0-1FC30E796A53}.Release|Any CPU.ActiveCfg = Release|Any CPU
		{83337EE8-ADF8-48B3-B5E0-1FC30E796A53}.Release|Any CPU.Build.0 = Release|Any CPU
	EndGlobalSection
	GlobalSection(SolutionProperties) = preSolution
		HideSolutionNode = FALSE
	EndGlobalSection
	GlobalSection(NestedProjects) = preSolution
		{63FEB90A-1DCF-4CFA-B6DE-C158C0FAD715} = {02EA681E-C7D8-13C7-8484-4AC65E1B71E8}
		{C740BC6F-8577-4DE4-A944-BC4103AFA6B1} = {02EA681E-C7D8-13C7-8484-4AC65E1B71E8}
		{0744E2DA-2F7C-4DD8-82B4-F2253283F963} = {A67B0C24-829E-4CC2-B769-C4F375B190DB}
		{E6BAFF17-661B-45A7-99E4-E9EFA388695D} = {A67B0C24-829E-4CC2-B769-C4F375B190DB}
		{DFEEF18F-A7E0-49D6-8AFE-E6986F3C6CC1} = {6E906600-F438-45D0-9C6F-515D1BA7B4CC}
		{973036FA-05B4-4931-AC9F-EA080BD06E59} = {6E906600-F438-45D0-9C6F-515D1BA7B4CC}
		{6BDA4156-F255-4D06-B43B-32A2BC0E70B2} = {5FB98A05-4F45-43D6-94A3-902AD88EB21C}
		{00D188C4-58E8-4C4C-AE0E-C86C8E0D42E7} = {63FEB90A-1DCF-4CFA-B6DE-C158C0FAD715}
		{9E0B822F-88C0-4BA3-8912-A6F1788AC3FB} = {C740BC6F-8577-4DE4-A944-BC4103AFA6B1}
		{16B2AA55-B027-4D78-BA00-33306EB40CD7} = {A67B0C24-829E-4CC2-B769-C4F375B190DB}
		{9D0434C5-0771-4475-8CEE-B6666C8971D8} = {6BDA4156-F255-4D06-B43B-32A2BC0E70B2}
		{FFDF2E20-8024-462B-9B67-0B0A5862CBC5} = {A67B0C24-829E-4CC2-B769-C4F375B190DB}
		{0876C055-15B8-4D20-BECA-C8B929F2D2C1} = {0744E2DA-2F7C-4DD8-82B4-F2253283F963}
		{0E9507F4-EF1E-4D99-AA47-597C6FD19E50} = {0744E2DA-2F7C-4DD8-82B4-F2253283F963}
		{5279A972-5ADB-4D1B-BF11-BD805276E1B7} = {A67B0C24-829E-4CC2-B769-C4F375B190DB}
		{1C4003C7-8773-4BC4-9A82-662473B4F492} = {A67B0C24-829E-4CC2-B769-C4F375B190DB}
		{AABD80D3-1A4D-4250-8A60-748433EDED33} = {A67B0C24-829E-4CC2-B769-C4F375B190DB}
		{D02DA5E4-BBE2-4E37-9CA0-F6A88272DB6A} = {A67B0C24-829E-4CC2-B769-C4F375B190DB}
		{021C6EB2-EEF7-4458-9193-B18A1D4779A8} = {E6BAFF17-661B-45A7-99E4-E9EFA388695D}
		{C3307765-246A-4EC6-B849-DC1A1A4965A1} = {E6BAFF17-661B-45A7-99E4-E9EFA388695D}
		{62CD510E-2B4B-4943-9931-5BD977FD5AC7} = {5FB98A05-4F45-43D6-94A3-902AD88EB21C}
		{34382CF6-8610-467E-B8EB-E00E1CD33DD3} = {62CD510E-2B4B-4943-9931-5BD977FD5AC7}
		{3BC46B19-1090-400F-A503-82B406ABCC66} = {62CD510E-2B4B-4943-9931-5BD977FD5AC7}
		{AEAA7F19-D37B-49E0-8004-09572A182246} = {62CD510E-2B4B-4943-9931-5BD977FD5AC7}
		{83337EE8-ADF8-48B3-B5E0-1FC30E796A53} = {62CD510E-2B4B-4943-9931-5BD977FD5AC7}
	EndGlobalSection
	GlobalSection(ExtensibilityGlobals) = postSolution
		SolutionGuid = {65B927C3-F553-4044-B4C5-75CC623B267A}
	EndGlobalSection
EndGlobal
