
Microsoft Visual Studio Solution File, Format Version 12.00
# Visual Studio Version 17
VisualStudioVersion = 17.11.35327.3
MinimumVisualStudioVersion = 10.0.40219.1
Project("{2150E333-8FDC-42A3-9474-1A3956D46DE8}") = "Api", "Api", "{02EA681E-C7D8-13C7-8484-4AC65E1B71E8}"
EndProject
Project("{2150E333-8FDC-42A3-9474-1A3956D46DE8}") = "Services", "Services", "{5FB98A05-4F45-43D6-94A3-902AD88EB21C}"
EndProject
Project("{2150E333-8FDC-42A3-9474-1A3956D46DE8}") = "Shared", "Shared", "{A67B0C24-829E-4CC2-B769-C4F375B190DB}"
EndProject
Project("{2150E333-8FDC-42A3-9474-1A3956D46DE8}") = "Test", "Test", "{6E906600-F438-45D0-9C6F-515D1BA7B4CC}"
EndProject
Project("{2150E333-8FDC-42A3-9474-1A3956D46DE8}") = "Private", "Private", "{63FEB90A-1DCF-4CFA-B6DE-C158C0FAD715}"
EndProject
Project("{2150E333-8FDC-42A3-9474-1A3956D46DE8}") = "Public", "Public", "{C740BC6F-8577-4DE4-A944-BC4103AFA6B1}"
EndProject
Project("{2150E333-8FDC-42A3-9474-1A3956D46DE8}") = "Shared.Communication", "Shared.Communication", "{0744E2DA-2F7C-4DD8-82B4-F2253283F963}"
EndProject
Project("{2150E333-8FDC-42A3-9474-1A3956D46DE8}") = "Shared.Databases", "Shared.Databases", "{E6BAFF17-661B-45A7-99E4-E9EFA388695D}"
EndProject
Project("{2150E333-8FDC-42A3-9474-1A3956D46DE8}") = "Services", "Services", "{DFEEF18F-A7E0-49D6-8AFE-E6986F3C6CC1}"
EndProject
Project("{2150E333-8FDC-42A3-9474-1A3956D46DE8}") = "Shared", "Shared", "{973036FA-05B4-4931-AC9F-EA080BD06E59}"
EndProject
Project("{2150E333-8FDC-42A3-9474-1A3956D46DE8}") = "Email", "Email", "{6BDA4156-F255-4D06-B43B-32A2BC0E70B2}"
EndProject
Project("{FAE04EC0-301F-11D3-BF4B-00C04F79EFBC}") = "Mentoria.API.Private", "src\Api\Private\Mentoria.API.Private\Mentoria.API.Private.csproj", "{00D188C4-58E8-4C4C-AE0E-C86C8E0D42E7}"
EndProject
Project("{FAE04EC0-301F-11D3-BF4B-00C04F79EFBC}") = "Mentoria.API.Public", "src\Api\Public\Mentoria.API.Public\Mentoria.API.Public.csproj", "{9E0B822F-88C0-4BA3-8912-A6F1788AC3FB}"
EndProject
Global
	GlobalSection(SolutionConfigurationPlatforms) = preSolution
		Debug|Any CPU = Debug|Any CPU
		Release|Any CPU = Release|Any CPU
	EndGlobalSection
	GlobalSection(ProjectConfigurationPlatforms) = postSolution
		{00D188C4-58E8-4C4C-AE0E-C86C8E0D42E7}.Debug|Any CPU.ActiveCfg = Debug|Any CPU
		{00D188C4-58E8-4C4C-AE0E-C86C8E0D42E7}.Debug|Any CPU.Build.0 = Debug|Any CPU
		{00D188C4-58E8-4C4C-AE0E-C86C8E0D42E7}.Release|Any CPU.ActiveCfg = Release|Any CPU
		{00D188C4-58E8-4C4C-AE0E-C86C8E0D42E7}.Release|Any CPU.Build.0 = Release|Any CPU
		{9E0B822F-88C0-4BA3-8912-A6F1788AC3FB}.Debug|Any CPU.ActiveCfg = Debug|Any CPU
		{9E0B822F-88C0-4BA3-8912-A6F1788AC3FB}.Debug|Any CPU.Build.0 = Debug|Any CPU
		{9E0B822F-88C0-4BA3-8912-A6F1788AC3FB}.Release|Any CPU.ActiveCfg = Release|Any CPU
		{9E0B822F-88C0-4BA3-8912-A6F1788AC3FB}.Release|Any CPU.Build.0 = Release|Any CPU
	EndGlobalSection
	GlobalSection(SolutionProperties) = preSolution
		HideSolutionNode = FALSE
	EndGlobalSection
	GlobalSection(NestedProjects) = preSolution
		{63FEB90A-1DCF-4CFA-B6DE-C158C0FAD715} = {02EA681E-C7D8-13C7-8484-4AC65E1B71E8}
		{C740BC6F-8577-4DE4-A944-BC4103AFA6B1} = {02EA681E-C7D8-13C7-8484-4AC65E1B71E8}
		{0744E2DA-2F7C-4DD8-82B4-F2253283F963} = {A67B0C24-829E-4CC2-B769-C4F375B190DB}
		{E6BAFF17-661B-45A7-99E4-E9EFA388695D} = {A67B0C24-829E-4CC2-B769-C4F375B190DB}
		{DFEEF18F-A7E0-49D6-8AFE-E6986F3C6CC1} = {6E906600-F438-45D0-9C6F-515D1BA7B4CC}
		{973036FA-05B4-4931-AC9F-EA080BD06E59} = {6E906600-F438-45D0-9C6F-515D1BA7B4CC}
		{6BDA4156-F255-4D06-B43B-32A2BC0E70B2} = {5FB98A05-4F45-43D6-94A3-902AD88EB21C}
		{00D188C4-58E8-4C4C-AE0E-C86C8E0D42E7} = {63FEB90A-1DCF-4CFA-B6DE-C158C0FAD715}
		{9E0B822F-88C0-4BA3-8912-A6F1788AC3FB} = {C740BC6F-8577-4DE4-A944-BC4103AFA6B1}
	EndGlobalSection
	GlobalSection(ExtensibilityGlobals) = postSolution
		SolutionGuid = {65B927C3-F553-4044-B4C5-75CC623B267A}
	EndGlobalSection
EndGlobal
